
Microsoft Visual Studio Solution File, Format Version 12.00
# Visual Studio Version 17
VisualStudioVersion = 17.3.32825.248
MinimumVisualStudioVersion = 10.0.40219.1
Project("{9A19103F-16F7-4668-BE54-9A1E7A4F7556}") = "HICPlugin", "HICPlugin\HICPlugin.csproj", "{88E94F55-32BD-4F08-9B00-FBB9C7A5C9CC}"
EndProject
Project("{9A19103F-16F7-4668-BE54-9A1E7A4F7556}") = "HICPluginTests", "HICPluginTests\HICPluginTests.csproj", "{6D8C7DED-B01F-451D-9259-B0BB82EDE451}"
EndProject
Project("{2150E333-8FDC-42A3-9474-1A3956D46DE8}") = ".nuget", ".nuget", "{5424B7C9-CDEE-4B1F-9122-FC9B1138A23D}"
	ProjectSection(SolutionItems) = preProject
		.nuget\packages.config = .nuget\packages.config
	EndProjectSection
EndProject
Project("{9A19103F-16F7-4668-BE54-9A1E7A4F7556}") = "HICPluginInteractive", "HICPluginInteractive\HICPluginInteractive.csproj", "{35B7AC3F-67D1-4069-B5DE-D58C9A9577B3}"
EndProject
Project("{9A19103F-16F7-4668-BE54-9A1E7A4F7556}") = "SCIStorePlugin", "SCIStorePlugin\SCIStorePlugin.csproj", "{C09D314D-D4AA-4200-BBB9-1A4B262C6EDF}"
EndProject
Project("{9A19103F-16F7-4668-BE54-9A1E7A4F7556}") = "DrsPlugin", "DrsPlugin\DrsPlugin.csproj", "{526DE3FA-2C7D-42C8-A0B1-537214566F17}"
EndProject
Project("{9A19103F-16F7-4668-BE54-9A1E7A4F7556}") = "GoDartsPluginUI", "GoDartsPluginUI\GoDartsPluginUI.csproj", "{052B4CE6-709B-405E-98C2-81A421232B2C}"
EndProject
Project("{9A19103F-16F7-4668-BE54-9A1E7A4F7556}") = "JiraPlugin", "JiraPlugin\JiraPlugin.csproj", "{3AFE83DD-5C7C-4CA9-8A7F-E6EF93D09800}"
EndProject
Project("{2150E333-8FDC-42A3-9474-1A3956D46DE8}") = "Plugin", "Plugin", "{34A79E01-97CF-4B42-B2FB-967EFC7EBE52}"
EndProject
Project("{2150E333-8FDC-42A3-9474-1A3956D46DE8}") = "Solution Items", "Solution Items", "{4AB48294-355F-4FCC-AFCE-45AE16610C29}"
	ProjectSection(SolutionItems) = preProject
		HIC.Plugin.nuspec = HIC.Plugin.nuspec
		NoteForNewDevelopers.md = NoteForNewDevelopers.md
		Packages.md = Packages.md
		README.md = README.md
	EndProjectSection
EndProject
Project("{9A19103F-16F7-4668-BE54-9A1E7A4F7556}") = "main", "Plugin\main\main.csproj", "{C97BED60-917C-4EFE-A26C-4AD8061CA982}"
EndProject
Project("{9A19103F-16F7-4668-BE54-9A1E7A4F7556}") = "windows", "Plugin\windows\windows.csproj", "{07F9F874-1306-4FE6-A03F-A483592BBC7F}"
EndProject
Project("{9A19103F-16F7-4668-BE54-9A1E7A4F7556}") = "HIC.Demography", "HIC.Demography\HIC.Demography.csproj", "{DC0EDB20-420B-4EF7-8A25-1F5A0F153C40}"
EndProject
Project("{9A19103F-16F7-4668-BE54-9A1E7A4F7556}") = "Rdmp.Core", "RDMP\Rdmp.Core\Rdmp.Core.csproj", "{8D94A9E3-51E0-4AC6-94CC-4FB14C72F1BB}"
EndProject
Project("{9A19103F-16F7-4668-BE54-9A1E7A4F7556}") = "Rdmp.UI", "RDMP\Rdmp.UI\Rdmp.UI.csproj", "{60721BCE-E328-45CF-B6D2-B627364FBBFA}"
EndProject
Project("{9A19103F-16F7-4668-BE54-9A1E7A4F7556}") = "Tests.Common", "RDMP\Tests.Common\Tests.Common.csproj", "{CB282875-B9CE-4E31-8B52-0356855501E9}"
EndProject
Project("{D954291E-2A0B-460D-934E-DC6B0785DB48}") = "InterfaceToJira", "InterfaceToJira\InterfaceToJira.shproj", "{63CD3E00-4745-481C-B31E-E432B7812BE9}"
EndProject
Global
	GlobalSection(SolutionConfigurationPlatforms) = preSolution
		Debug|Any CPU = Debug|Any CPU
		Debug|x86 = Debug|x86
		Release|Any CPU = Release|Any CPU
		Release|x86 = Release|x86
	EndGlobalSection
	GlobalSection(ProjectConfigurationPlatforms) = postSolution
		{88E94F55-32BD-4F08-9B00-FBB9C7A5C9CC}.Debug|Any CPU.ActiveCfg = Debug|Any CPU
		{88E94F55-32BD-4F08-9B00-FBB9C7A5C9CC}.Debug|Any CPU.Build.0 = Debug|Any CPU
		{88E94F55-32BD-4F08-9B00-FBB9C7A5C9CC}.Debug|x86.ActiveCfg = Debug|Any CPU
		{88E94F55-32BD-4F08-9B00-FBB9C7A5C9CC}.Debug|x86.Build.0 = Debug|Any CPU
		{88E94F55-32BD-4F08-9B00-FBB9C7A5C9CC}.Release|Any CPU.ActiveCfg = Release|Any CPU
		{88E94F55-32BD-4F08-9B00-FBB9C7A5C9CC}.Release|Any CPU.Build.0 = Release|Any CPU
		{88E94F55-32BD-4F08-9B00-FBB9C7A5C9CC}.Release|x86.ActiveCfg = Release|Any CPU
		{88E94F55-32BD-4F08-9B00-FBB9C7A5C9CC}.Release|x86.Build.0 = Release|Any CPU
		{6D8C7DED-B01F-451D-9259-B0BB82EDE451}.Debug|Any CPU.ActiveCfg = Debug|Any CPU
		{6D8C7DED-B01F-451D-9259-B0BB82EDE451}.Debug|Any CPU.Build.0 = Debug|Any CPU
		{6D8C7DED-B01F-451D-9259-B0BB82EDE451}.Debug|x86.ActiveCfg = Debug|Any CPU
		{6D8C7DED-B01F-451D-9259-B0BB82EDE451}.Debug|x86.Build.0 = Debug|Any CPU
		{6D8C7DED-B01F-451D-9259-B0BB82EDE451}.Release|Any CPU.ActiveCfg = Release|Any CPU
		{6D8C7DED-B01F-451D-9259-B0BB82EDE451}.Release|Any CPU.Build.0 = Release|Any CPU
		{6D8C7DED-B01F-451D-9259-B0BB82EDE451}.Release|x86.ActiveCfg = Release|Any CPU
		{6D8C7DED-B01F-451D-9259-B0BB82EDE451}.Release|x86.Build.0 = Release|Any CPU
		{35B7AC3F-67D1-4069-B5DE-D58C9A9577B3}.Debug|Any CPU.ActiveCfg = Debug|Any CPU
		{35B7AC3F-67D1-4069-B5DE-D58C9A9577B3}.Debug|Any CPU.Build.0 = Debug|Any CPU
		{35B7AC3F-67D1-4069-B5DE-D58C9A9577B3}.Debug|x86.ActiveCfg = Debug|Any CPU
		{35B7AC3F-67D1-4069-B5DE-D58C9A9577B3}.Debug|x86.Build.0 = Debug|Any CPU
		{35B7AC3F-67D1-4069-B5DE-D58C9A9577B3}.Release|Any CPU.ActiveCfg = Release|Any CPU
		{35B7AC3F-67D1-4069-B5DE-D58C9A9577B3}.Release|Any CPU.Build.0 = Release|Any CPU
		{35B7AC3F-67D1-4069-B5DE-D58C9A9577B3}.Release|x86.ActiveCfg = Release|Any CPU
		{35B7AC3F-67D1-4069-B5DE-D58C9A9577B3}.Release|x86.Build.0 = Release|Any CPU
		{C09D314D-D4AA-4200-BBB9-1A4B262C6EDF}.Debug|Any CPU.ActiveCfg = Debug|Any CPU
		{C09D314D-D4AA-4200-BBB9-1A4B262C6EDF}.Debug|Any CPU.Build.0 = Debug|Any CPU
		{C09D314D-D4AA-4200-BBB9-1A4B262C6EDF}.Debug|x86.ActiveCfg = Debug|Any CPU
		{C09D314D-D4AA-4200-BBB9-1A4B262C6EDF}.Debug|x86.Build.0 = Debug|Any CPU
		{C09D314D-D4AA-4200-BBB9-1A4B262C6EDF}.Release|Any CPU.ActiveCfg = Release|Any CPU
		{C09D314D-D4AA-4200-BBB9-1A4B262C6EDF}.Release|Any CPU.Build.0 = Release|Any CPU
		{C09D314D-D4AA-4200-BBB9-1A4B262C6EDF}.Release|x86.ActiveCfg = Release|Any CPU
		{C09D314D-D4AA-4200-BBB9-1A4B262C6EDF}.Release|x86.Build.0 = Release|Any CPU
		{526DE3FA-2C7D-42C8-A0B1-537214566F17}.Debug|Any CPU.ActiveCfg = Debug|Any CPU
		{526DE3FA-2C7D-42C8-A0B1-537214566F17}.Debug|Any CPU.Build.0 = Debug|Any CPU
		{526DE3FA-2C7D-42C8-A0B1-537214566F17}.Debug|x86.ActiveCfg = Debug|Any CPU
		{526DE3FA-2C7D-42C8-A0B1-537214566F17}.Debug|x86.Build.0 = Debug|Any CPU
		{526DE3FA-2C7D-42C8-A0B1-537214566F17}.Release|Any CPU.ActiveCfg = Release|Any CPU
		{526DE3FA-2C7D-42C8-A0B1-537214566F17}.Release|Any CPU.Build.0 = Release|Any CPU
		{526DE3FA-2C7D-42C8-A0B1-537214566F17}.Release|x86.ActiveCfg = Release|Any CPU
		{526DE3FA-2C7D-42C8-A0B1-537214566F17}.Release|x86.Build.0 = Release|Any CPU
		{052B4CE6-709B-405E-98C2-81A421232B2C}.Debug|Any CPU.ActiveCfg = Debug|Any CPU
		{052B4CE6-709B-405E-98C2-81A421232B2C}.Debug|Any CPU.Build.0 = Debug|Any CPU
		{052B4CE6-709B-405E-98C2-81A421232B2C}.Debug|x86.ActiveCfg = Debug|Any CPU
		{052B4CE6-709B-405E-98C2-81A421232B2C}.Debug|x86.Build.0 = Debug|Any CPU
		{052B4CE6-709B-405E-98C2-81A421232B2C}.Release|Any CPU.ActiveCfg = Release|Any CPU
		{052B4CE6-709B-405E-98C2-81A421232B2C}.Release|Any CPU.Build.0 = Release|Any CPU
		{052B4CE6-709B-405E-98C2-81A421232B2C}.Release|x86.ActiveCfg = Release|Any CPU
		{052B4CE6-709B-405E-98C2-81A421232B2C}.Release|x86.Build.0 = Release|Any CPU
		{3AFE83DD-5C7C-4CA9-8A7F-E6EF93D09800}.Debug|Any CPU.ActiveCfg = Debug|Any CPU
		{3AFE83DD-5C7C-4CA9-8A7F-E6EF93D09800}.Debug|Any CPU.Build.0 = Debug|Any CPU
		{3AFE83DD-5C7C-4CA9-8A7F-E6EF93D09800}.Debug|x86.ActiveCfg = Debug|Any CPU
		{3AFE83DD-5C7C-4CA9-8A7F-E6EF93D09800}.Debug|x86.Build.0 = Debug|Any CPU
		{3AFE83DD-5C7C-4CA9-8A7F-E6EF93D09800}.Release|Any CPU.ActiveCfg = Release|Any CPU
		{3AFE83DD-5C7C-4CA9-8A7F-E6EF93D09800}.Release|Any CPU.Build.0 = Release|Any CPU
		{3AFE83DD-5C7C-4CA9-8A7F-E6EF93D09800}.Release|x86.ActiveCfg = Release|Any CPU
		{3AFE83DD-5C7C-4CA9-8A7F-E6EF93D09800}.Release|x86.Build.0 = Release|Any CPU
		{C97BED60-917C-4EFE-A26C-4AD8061CA982}.Debug|Any CPU.ActiveCfg = Debug|Any CPU
		{C97BED60-917C-4EFE-A26C-4AD8061CA982}.Debug|Any CPU.Build.0 = Debug|Any CPU
		{C97BED60-917C-4EFE-A26C-4AD8061CA982}.Debug|x86.ActiveCfg = Debug|Any CPU
		{C97BED60-917C-4EFE-A26C-4AD8061CA982}.Debug|x86.Build.0 = Debug|Any CPU
		{C97BED60-917C-4EFE-A26C-4AD8061CA982}.Release|Any CPU.ActiveCfg = Release|Any CPU
		{C97BED60-917C-4EFE-A26C-4AD8061CA982}.Release|Any CPU.Build.0 = Release|Any CPU
		{C97BED60-917C-4EFE-A26C-4AD8061CA982}.Release|x86.ActiveCfg = Release|Any CPU
		{C97BED60-917C-4EFE-A26C-4AD8061CA982}.Release|x86.Build.0 = Release|Any CPU
		{07F9F874-1306-4FE6-A03F-A483592BBC7F}.Debug|Any CPU.ActiveCfg = Debug|Any CPU
		{07F9F874-1306-4FE6-A03F-A483592BBC7F}.Debug|Any CPU.Build.0 = Debug|Any CPU
		{07F9F874-1306-4FE6-A03F-A483592BBC7F}.Debug|x86.ActiveCfg = Debug|Any CPU
		{07F9F874-1306-4FE6-A03F-A483592BBC7F}.Debug|x86.Build.0 = Debug|Any CPU
		{07F9F874-1306-4FE6-A03F-A483592BBC7F}.Release|Any CPU.ActiveCfg = Release|Any CPU
		{07F9F874-1306-4FE6-A03F-A483592BBC7F}.Release|Any CPU.Build.0 = Release|Any CPU
		{07F9F874-1306-4FE6-A03F-A483592BBC7F}.Release|x86.ActiveCfg = Release|Any CPU
		{07F9F874-1306-4FE6-A03F-A483592BBC7F}.Release|x86.Build.0 = Release|Any CPU
		{DC0EDB20-420B-4EF7-8A25-1F5A0F153C40}.Debug|Any CPU.ActiveCfg = Debug|Any CPU
		{DC0EDB20-420B-4EF7-8A25-1F5A0F153C40}.Debug|Any CPU.Build.0 = Debug|Any CPU
		{DC0EDB20-420B-4EF7-8A25-1F5A0F153C40}.Debug|x86.ActiveCfg = Debug|Any CPU
		{DC0EDB20-420B-4EF7-8A25-1F5A0F153C40}.Debug|x86.Build.0 = Debug|Any CPU
		{DC0EDB20-420B-4EF7-8A25-1F5A0F153C40}.Release|Any CPU.ActiveCfg = Release|Any CPU
		{DC0EDB20-420B-4EF7-8A25-1F5A0F153C40}.Release|Any CPU.Build.0 = Release|Any CPU
		{DC0EDB20-420B-4EF7-8A25-1F5A0F153C40}.Release|x86.ActiveCfg = Release|Any CPU
		{DC0EDB20-420B-4EF7-8A25-1F5A0F153C40}.Release|x86.Build.0 = Release|Any CPU
		{8D94A9E3-51E0-4AC6-94CC-4FB14C72F1BB}.Debug|Any CPU.ActiveCfg = Debug|Any CPU
		{8D94A9E3-51E0-4AC6-94CC-4FB14C72F1BB}.Debug|Any CPU.Build.0 = Debug|Any CPU
		{8D94A9E3-51E0-4AC6-94CC-4FB14C72F1BB}.Debug|x86.ActiveCfg = Debug|Any CPU
		{8D94A9E3-51E0-4AC6-94CC-4FB14C72F1BB}.Debug|x86.Build.0 = Debug|Any CPU
		{8D94A9E3-51E0-4AC6-94CC-4FB14C72F1BB}.Release|Any CPU.ActiveCfg = Release|Any CPU
		{8D94A9E3-51E0-4AC6-94CC-4FB14C72F1BB}.Release|Any CPU.Build.0 = Release|Any CPU
		{8D94A9E3-51E0-4AC6-94CC-4FB14C72F1BB}.Release|x86.ActiveCfg = Release|Any CPU
		{8D94A9E3-51E0-4AC6-94CC-4FB14C72F1BB}.Release|x86.Build.0 = Release|Any CPU
		{60721BCE-E328-45CF-B6D2-B627364FBBFA}.Debug|Any CPU.ActiveCfg = Debug|Any CPU
		{60721BCE-E328-45CF-B6D2-B627364FBBFA}.Debug|Any CPU.Build.0 = Debug|Any CPU
		{60721BCE-E328-45CF-B6D2-B627364FBBFA}.Debug|x86.ActiveCfg = Debug|Any CPU
		{60721BCE-E328-45CF-B6D2-B627364FBBFA}.Debug|x86.Build.0 = Debug|Any CPU
		{60721BCE-E328-45CF-B6D2-B627364FBBFA}.Release|Any CPU.ActiveCfg = Release|Any CPU
		{60721BCE-E328-45CF-B6D2-B627364FBBFA}.Release|Any CPU.Build.0 = Release|Any CPU
		{60721BCE-E328-45CF-B6D2-B627364FBBFA}.Release|x86.ActiveCfg = Release|Any CPU
		{60721BCE-E328-45CF-B6D2-B627364FBBFA}.Release|x86.Build.0 = Release|Any CPU
		{CB282875-B9CE-4E31-8B52-0356855501E9}.Debug|Any CPU.ActiveCfg = Debug|Any CPU
		{CB282875-B9CE-4E31-8B52-0356855501E9}.Debug|Any CPU.Build.0 = Debug|Any CPU
		{CB282875-B9CE-4E31-8B52-0356855501E9}.Debug|x86.ActiveCfg = Debug|Any CPU
		{CB282875-B9CE-4E31-8B52-0356855501E9}.Debug|x86.Build.0 = Debug|Any CPU
		{CB282875-B9CE-4E31-8B52-0356855501E9}.Release|Any CPU.ActiveCfg = Release|Any CPU
		{CB282875-B9CE-4E31-8B52-0356855501E9}.Release|Any CPU.Build.0 = Release|Any CPU
		{CB282875-B9CE-4E31-8B52-0356855501E9}.Release|x86.ActiveCfg = Release|Any CPU
		{CB282875-B9CE-4E31-8B52-0356855501E9}.Release|x86.Build.0 = Release|Any CPU
	EndGlobalSection
	GlobalSection(SolutionProperties) = preSolution
		HideSolutionNode = FALSE
	EndGlobalSection
	GlobalSection(NestedProjects) = preSolution
		{C97BED60-917C-4EFE-A26C-4AD8061CA982} = {34A79E01-97CF-4B42-B2FB-967EFC7EBE52}
		{07F9F874-1306-4FE6-A03F-A483592BBC7F} = {34A79E01-97CF-4B42-B2FB-967EFC7EBE52}
	EndGlobalSection
	GlobalSection(ExtensibilityGlobals) = postSolution
		SolutionGuid = {A1D791B6-09E0-471B-8363-AFD16F3880BE}
	EndGlobalSection
	GlobalSection(SharedMSBuildProjectFiles) = preSolution
		InterfaceToJira\InterfaceToJira.projitems*{3afe83dd-5c7c-4ca9-8a7f-e6ef93d09800}*SharedItemsImports = 5
		InterfaceToJira\InterfaceToJira.projitems*{63cd3e00-4745-481c-b31e-e432b7812be9}*SharedItemsImports = 13
	EndGlobalSection
EndGlobal
